{
  "lockfile_version": "1",
  "packages": {
    "github:NixOS/nixpkgs/nixpkgs-unstable": {
      "last_modified": "2025-06-10T02:39:58Z",
      "resolved": "github:NixOS/nixpkgs/cdc68935eba9f86d155585fdf6f17af6824f38ac?lastModified=1749523198&narHash=sha256-How2kQw0psKmCdXgojc95Sf3K5maHB3qfINxTZFCAPM%3D"
    },
    "go@1.24": {
      "last_modified": "2025-05-16T20:19:48Z",
      "resolved": "github:NixOS/nixpkgs/12a55407652e04dcf2309436eb06fef0d3713ef3#go",
      "source": "devbox-search",
      "version": "1.24.3",
      "systems": {
        "aarch64-darwin": {
          "outputs": [
            {
              "name": "out",
              "path": "/nix/store/ps3admpzmc1ryvn9q7sw5xfd94dkrb3f-go-1.24.3",
              "default": true
            }
          ],
          "store_path": "/nix/store/ps3admpzmc1ryvn9q7sw5xfd94dkrb3f-go-1.24.3"
        },
        "aarch64-linux": {
          "outputs": [
            {
              "name": "out",
              "path": "/nix/store/45bnqhyyq40p91k3cjw0farx3hn1swx6-go-1.24.3",
              "default": true
            }
          ],
          "store_path": "/nix/store/45bnqhyyq40p91k3cjw0farx3hn1swx6-go-1.24.3"
        },
        "x86_64-darwin": {
          "outputs": [
            {
              "name": "out",
              "path": "/nix/store/9z2kb6hxij7pqi0fgcn9ijhpb7ajpazs-go-1.24.3",
              "default": true
            }
          ],
          "store_path": "/nix/store/9z2kb6hxij7pqi0fgcn9ijhpb7ajpazs-go-1.24.3"
        },
        "x86_64-linux": {
          "outputs": [
            {
              "name": "out",
              "path": "/nix/store/5xvi25nqmbrg58aixp4zgczilfnp7pwg-go-1.24.3",
              "default": true
            }
          ],
          "store_path": "/nix/store/5xvi25nqmbrg58aixp4zgczilfnp7pwg-go-1.24.3"
        }
      }
    },
    "golangci-lint@1.64.5": {
      "last_modified": "2025-02-23T09:42:26Z",
      "resolved": "github:NixOS/nixpkgs/2d068ae5c6516b2d04562de50a58c682540de9bf#golangci-lint",
      "source": "devbox-search",
      "version": "1.64.5",
      "systems": {
        "aarch64-darwin": {
          "outputs": [
            {
              "name": "out",
              "path": "/nix/store/8bfm5nzryn3hxnd79s7j6qzkm1h6pxqy-golangci-lint-1.64.5",
              "default": true
            }
          ],
          "store_path": "/nix/store/8bfm5nzryn3hxnd79s7j6qzkm1h6pxqy-golangci-lint-1.64.5"
        },
        "aarch64-linux": {
          "outputs": [
            {
              "name": "out",
              "path": "/nix/store/cmn4yiyf99kdjlw87sczf30ckpp84i1w-golangci-lint-1.64.5",
              "default": true
            }
          ],
          "store_path": "/nix/store/cmn4yiyf99kdjlw87sczf30ckpp84i1w-golangci-lint-1.64.5"
        },
        "x86_64-darwin": {
          "outputs": [
            {
              "name": "out",
              "path": "/nix/store/bcrp85xkdabziwslcgsls44mj8ngnqb6-golangci-lint-1.64.5",
              "default": true
            }
          ],
          "store_path": "/nix/store/bcrp85xkdabziwslcgsls44mj8ngnqb6-golangci-lint-1.64.5"
        },
        "x86_64-linux": {
          "outputs": [
            {
              "name": "out",
              "path": "/nix/store/n1100w7c48bcllxbrws5jd01lpvhx77q-golangci-lint-1.64.5",
              "default": true
            }
          ],
          "store_path": "/nix/store/n1100w7c48bcllxbrws5jd01lpvhx77q-golangci-lint-1.64.5"
        }
      }
    },
    "terraform@latest": {
      "last_modified": "2025-05-22T03:53:02Z",
      "resolved": "github:NixOS/nixpkgs/a16efe5d2fc7455d7328a01f4692bfec152965b3#terraform",
      "source": "devbox-search",
      "version": "1.12.1",
      "systems": {
        "aarch64-darwin": {
          "outputs": [
            {
              "name": "out",
              "path": "/nix/store/kqk0wn39lhnmvhbk3s997lna2l95fzfw-terraform-1.12.1",
              "default": true
            }
          ],
          "store_path": "/nix/store/kqk0wn39lhnmvhbk3s997lna2l95fzfw-terraform-1.12.1"
        },
        "aarch64-linux": {
          "outputs": [
            {
              "name": "out",
              "path": "/nix/store/ssvlf1aacjgrldkqfc68nw234vq65yyj-terraform-1.12.1",
              "default": true
            }
          ],
          "store_path": "/nix/store/ssvlf1aacjgrldkqfc68nw234vq65yyj-terraform-1.12.1"
        },
        "x86_64-darwin": {
          "outputs": [
            {
              "name": "out",
              "path": "/nix/store/b06v2mz632zqc509bxcafzp9cc3c775l-terraform-1.12.1",
              "default": true
            }
          ],
          "store_path": "/nix/store/b06v2mz632zqc509bxcafzp9cc3c775l-terraform-1.12.1"
        },
        "x86_64-linux": {
          "outputs": [
            {
              "name": "out",
              "path": "/nix/store/glikfly74v2wgaa1a174qm8y7fjjmyln-terraform-1.12.1",
              "default": true
            }
          ],
          "store_path": "/nix/store/glikfly74v2wgaa1a174qm8y7fjjmyln-terraform-1.12.1"
        }
      }
    },
    "tfplugindocs@0.13.0": {
      "last_modified": "2023-02-26T12:03:36Z",
      "resolved": "github:NixOS/nixpkgs/84e33aea0f7a8375c92458c5b6cad75fa1dd561b#tfplugindocs",
      "source": "devbox-search",
      "version": "0.13.0",
      "systems": {
        "aarch64-darwin": {
          "outputs": [
            {
              "name": "out",
              "path": "/nix/store/fa2c9swbbn57j4ahcddxws4n93k9ha2p-tfplugindocs-0.13.0",
              "default": true
            }
          ],
          "store_path": "/nix/store/fa2c9swbbn57j4ahcddxws4n93k9ha2p-tfplugindocs-0.13.0"
        },
        "aarch64-linux": {
          "outputs": [
            {
              "name": "out",
              "path": "/nix/store/6m2slvy3hjqiq5a3yj9yclivdyadi3p6-tfplugindocs-0.13.0",
              "default": true
            }
          ],
          "store_path": "/nix/store/6m2slvy3hjqiq5a3yj9yclivdyadi3p6-tfplugindocs-0.13.0"
        },
        "x86_64-darwin": {
          "outputs": [
            {
              "name": "out",
              "path": "/nix/store/h6j84bm5rzg8w8f078lzrm0yvw4yf8c0-tfplugindocs-0.13.0",
              "default": true
            }
          ],
          "store_path": "/nix/store/h6j84bm5rzg8w8f078lzrm0yvw4yf8c0-tfplugindocs-0.13.0"
        },
        "x86_64-linux": {
          "outputs": [
            {
              "name": "out",
              "path": "/nix/store/0k5sfdyjhvb4904wfwwfbhd03f1i2ia8-tfplugindocs-0.13.0",
              "default": true
            }
          ],
          "store_path": "/nix/store/0k5sfdyjhvb4904wfwwfbhd03f1i2ia8-tfplugindocs-0.13.0"
        }
      }
    },
    "wget@latest": {
      "last_modified": "2025-05-16T20:19:48Z",
      "resolved": "github:NixOS/nixpkgs/12a55407652e04dcf2309436eb06fef0d3713ef3#wget",
      "source": "devbox-search",
      "version": "1.25.0",
      "systems": {
        "aarch64-darwin": {
          "outputs": [
            {
              "name": "out",
              "path": "/nix/store/r661sv27f43kg6986n0zjm2yq0vb4rnw-wget-1.25.0",
              "default": true
            }
          ],
          "store_path": "/nix/store/r661sv27f43kg6986n0zjm2yq0vb4rnw-wget-1.25.0"
        },
        "aarch64-linux": {
          "outputs": [
            {
              "name": "out",
              "path": "/nix/store/q3lkzf0znhllagybrf63q2qfdzrz2s2c-wget-1.25.0",
              "default": true
            }
          ],
          "store_path": "/nix/store/q3lkzf0znhllagybrf63q2qfdzrz2s2c-wget-1.25.0"
        },
        "x86_64-darwin": {
          "outputs": [
            {
              "name": "out",
              "path": "/nix/store/vi8028rmawlzww76dc9k1fx8iyvk3nhb-wget-1.25.0",
              "default": true
            }
          ],
          "store_path": "/nix/store/vi8028rmawlzww76dc9k1fx8iyvk3nhb-wget-1.25.0"
        },
        "x86_64-linux": {
          "outputs": [
            {
              "name": "out",
              "path": "/nix/store/2050009wgldpv3lxld3acz5pr6cr7x53-wget-1.25.0",
              "default": true
            }
          ],
          "store_path": "/nix/store/2050009wgldpv3lxld3acz5pr6cr7x53-wget-1.25.0"
        }
      }
    }
  }
}
