{
  "lockfile_version": "1",
  "packages": {
    "github:NixOS/nixpkgs/nixpkgs-unstable": {
      "last_modified": "2026-01-19T00:39:23Z",
      "resolved": "github:NixOS/nixpkgs/bde09022887110deb780067364a0818e89258968?lastModified=1768783163&narHash=sha256-tLj4KcRDLakrlpvboTJDKsrp6z2XLwyQ4Zmo%2Bw8KsY4%3D"
    },
    "go@1.25": {
      "last_modified": "2025-12-31T03:27:36Z",
      "resolved": "github:NixOS/nixpkgs/f665af0cdb70ed27e1bd8f9fdfecaf451260fc55#go",
      "source": "devbox-search",
      "version": "1.25.5",
      "systems": {
        "aarch64-darwin": {
          "outputs": [
            {
              "name": "out",
              "path": "/nix/store/fy2aq0rg6vbiyjfdpqy3429hqsan7iwm-go-1.25.5",
              "default": true
            }
          ],
          "store_path": "/nix/store/fy2aq0rg6vbiyjfdpqy3429hqsan7iwm-go-1.25.5"
        },
        "aarch64-linux": {
          "outputs": [
            {
              "name": "out",
              "path": "/nix/store/30d96229dgrh6n6bmd4hn9r1hcngj9bn-go-1.25.5",
              "default": true
            }
          ],
          "store_path": "/nix/store/30d96229dgrh6n6bmd4hn9r1hcngj9bn-go-1.25.5"
        },
        "x86_64-darwin": {
          "outputs": [
            {
              "name": "out",
              "path": "/nix/store/wzakp2xy6if4n2b4fb1fkdjwilwlpifk-go-1.25.5",
              "default": true
            }
          ],
          "store_path": "/nix/store/wzakp2xy6if4n2b4fb1fkdjwilwlpifk-go-1.25.5"
        },
        "x86_64-linux": {
          "outputs": [
            {
              "name": "out",
              "path": "/nix/store/60z37432vmgkg54krwr1z057bqwp7583-go-1.25.5",
              "default": true
            }
          ],
          "store_path": "/nix/store/60z37432vmgkg54krwr1z057bqwp7583-go-1.25.5"
        }
      }
    },
    "golangci-lint@2.8.0": {
      "last_modified": "2026-01-09T13:41:53Z",
      "resolved": "github:NixOS/nixpkgs/5f02c91314c8ba4afe83b256b023756412218535#golangci-lint",
      "source": "devbox-search",
      "version": "2.8.0",
      "systems": {
        "aarch64-darwin": {
          "outputs": [
            {
              "name": "out",
              "path": "/nix/store/b9iv68qcms160wlni9xn56s81cvqksgf-golangci-lint-2.8.0",
              "default": true
            }
          ],
          "store_path": "/nix/store/b9iv68qcms160wlni9xn56s81cvqksgf-golangci-lint-2.8.0"
        },
        "aarch64-linux": {
          "outputs": [
            {
              "name": "out",
              "path": "/nix/store/1yzy8ajvs3wj009j7al87hm6n0zwjd40-golangci-lint-2.8.0",
              "default": true
            }
          ],
          "store_path": "/nix/store/1yzy8ajvs3wj009j7al87hm6n0zwjd40-golangci-lint-2.8.0"
        },
        "x86_64-darwin": {
          "outputs": [
            {
              "name": "out",
              "path": "/nix/store/k17d2y5alkdd3p03haik3a3ksfaxh1fj-golangci-lint-2.8.0",
              "default": true
            }
          ],
          "store_path": "/nix/store/k17d2y5alkdd3p03haik3a3ksfaxh1fj-golangci-lint-2.8.0"
        },
        "x86_64-linux": {
          "outputs": [
            {
              "name": "out",
              "path": "/nix/store/643gpb6qyxjl9lcrfr8gvfck2rj9zabd-golangci-lint-2.8.0",
              "default": true
            }
          ],
          "store_path": "/nix/store/643gpb6qyxjl9lcrfr8gvfck2rj9zabd-golangci-lint-2.8.0"
        }
      }
    },
    "terraform@latest": {
      "last_modified": "2025-12-31T03:27:36Z",
      "resolved": "github:NixOS/nixpkgs/f665af0cdb70ed27e1bd8f9fdfecaf451260fc55#terraform",
      "source": "devbox-search",
      "version": "1.14.3",
      "systems": {
        "aarch64-darwin": {
          "outputs": [
            {
              "name": "out",
              "path": "/nix/store/wajy2w05wcs9700l486q6yal0x6x5pmv-terraform-1.14.3",
              "default": true
            }
          ],
          "store_path": "/nix/store/wajy2w05wcs9700l486q6yal0x6x5pmv-terraform-1.14.3"
        },
        "aarch64-linux": {
          "outputs": [
            {
              "name": "out",
              "path": "/nix/store/4kvpbnnmi3gbdavlw2mg55d18g8isyi7-terraform-1.14.3",
              "default": true
            }
          ],
          "store_path": "/nix/store/4kvpbnnmi3gbdavlw2mg55d18g8isyi7-terraform-1.14.3"
        },
        "x86_64-darwin": {
          "outputs": [
            {
              "name": "out",
              "path": "/nix/store/vs598r62widmydhnx34czd4z0mj393sf-terraform-1.14.3",
              "default": true
            }
          ],
          "store_path": "/nix/store/vs598r62widmydhnx34czd4z0mj393sf-terraform-1.14.3"
        },
        "x86_64-linux": {
          "outputs": [
            {
              "name": "out",
              "path": "/nix/store/mia42z7kyc6rkzdkidl32nqc4cr9hl52-terraform-1.14.3",
              "default": true
            }
          ],
          "store_path": "/nix/store/mia42z7kyc6rkzdkidl32nqc4cr9hl52-terraform-1.14.3"
        }
      }
    },
    "wget@latest": {
      "last_modified": "2025-12-31T03:27:36Z",
      "resolved": "github:NixOS/nixpkgs/f665af0cdb70ed27e1bd8f9fdfecaf451260fc55#wget",
      "source": "devbox-search",
      "version": "1.25.0",
      "systems": {
        "aarch64-darwin": {
          "outputs": [
            {
              "name": "out",
              "path": "/nix/store/y4gyvpxhvwsvhkhw1wyvlzimfgxxv9mq-wget-1.25.0",
              "default": true
            }
          ],
          "store_path": "/nix/store/y4gyvpxhvwsvhkhw1wyvlzimfgxxv9mq-wget-1.25.0"
        },
        "aarch64-linux": {
          "outputs": [
            {
              "name": "out",
              "path": "/nix/store/dblr0vxmb0vjqdflpsw7imz489igzwmi-wget-1.25.0",
              "default": true
            }
          ],
          "store_path": "/nix/store/dblr0vxmb0vjqdflpsw7imz489igzwmi-wget-1.25.0"
        },
        "x86_64-darwin": {
          "outputs": [
            {
              "name": "out",
              "path": "/nix/store/8si2j9ck7ipgjp613f00scdsv3wydlhz-wget-1.25.0",
              "default": true
            }
          ],
          "store_path": "/nix/store/8si2j9ck7ipgjp613f00scdsv3wydlhz-wget-1.25.0"
        },
        "x86_64-linux": {
          "outputs": [
            {
              "name": "out",
              "path": "/nix/store/8hz0qnr9z5j1w7rjl9qmsb34v2cb4akr-wget-1.25.0",
              "default": true
            }
          ],
          "store_path": "/nix/store/8hz0qnr9z5j1w7rjl9qmsb34v2cb4akr-wget-1.25.0"
        }
      }
    }
  }
}
